
Microsoft Visual Studio Solution File, Format Version 12.00
# Visual Studio Version 17
VisualStudioVersion = 17.13.35818.85 d17.13
MinimumVisualStudioVersion = 10.0.40219.1
Project("{FAE04EC0-301F-11D3-BF4B-00C04F79EFBC}") = "InjecaoDependencia", "InjecaoDependencia.csproj", "{3C157995-E732-4031-A5C6-3CB0D6E58CA5}"
EndProject
Global
	GlobalSection(SolutionConfigurationPlatforms) = preSolution
		Debug|Any CPU = Debug|Any CPU
		Release|Any CPU = Release|Any CPU
	EndGlobalSection
	GlobalSection(ProjectConfigurationPlatforms) = postSolution
		{3C157995-E732-4031-A5C6-3CB0D6E58CA5}.Debug|Any CPU.ActiveCfg = Debug|Any CPU
		{3C157995-E732-4031-A5C6-3CB0D6E58CA5}.Debug|Any CPU.Build.0 = Debug|Any CPU
		{3C157995-E732-4031-A5C6-3CB0D6E58CA5}.Release|Any CPU.ActiveCfg = Release|Any CPU
		{3C157995-E732-4031-A5C6-3CB0D6E58CA5}.Release|Any CPU.Build.0 = Release|Any CPU
	EndGlobalSection
	GlobalSection(SolutionProperties) = preSolution
		HideSolutionNode = FALSE
	EndGlobalSection
	GlobalSection(ExtensibilityGlobals) = postSolution
		SolutionGuid = {EE6B1D0A-4AEE-48CF-8F8F-86DBD393371E}
	EndGlobalSection
EndGlobal
